
Microsoft Visual Studio Solution File, Format Version 12.00
# Visual Studio Version 16
VisualStudioVersion = 16.0.30406.217
MinimumVisualStudioVersion = 10.0.40219.1
Project("{8BC9CEB8-8B4A-11D0-8D11-00A0C91BC942}") = "ProgrammingPrinciplesC++", "ProgrammingPrinciplesC++\ProgrammingPrinciplesC++.vcxproj", "{C76C9B95-FD71-41E7-AEDA-BC009E5CB5C6}"
EndProject
Global
	GlobalSection(SolutionConfigurationPlatforms) = preSolution
		Debug|x64 = Debug|x64
		Debug|x86 = Debug|x86
		Release|x64 = Release|x64
		Release|x86 = Release|x86
	EndGlobalSection
	GlobalSection(ProjectConfigurationPlatforms) = postSolution
		{C76C9B95-FD71-41E7-AEDA-BC009E5CB5C6}.Debug|x64.ActiveCfg = Debug|x64
		{C76C9B95-FD71-41E7-AEDA-BC009E5CB5C6}.Debug|x64.Build.0 = Debug|x64
		{C76C9B95-FD71-41E7-AEDA-BC009E5CB5C6}.Debug|x86.ActiveCfg = Debug|Win32
		{C76C9B95-FD71-41E7-AEDA-BC009E5CB5C6}.Debug|x86.Build.0 = Debug|Win32
		{C76C9B95-FD71-41E7-AEDA-BC009E5CB5C6}.Release|x64.ActiveCfg = Release|x64
		{C76C9B95-FD71-41E7-AEDA-BC009E5CB5C6}.Release|x64.Build.0 = Release|x64
		{C76C9B95-FD71-41E7-AEDA-BC009E5CB5C6}.Release|x86.ActiveCfg = Release|Win32
		{C76C9B95-FD71-41E7-AEDA-BC009E5CB5C6}.Release|x86.Build.0 = Release|Win32
	EndGlobalSection
	GlobalSection(SolutionProperties) = preSolution
		HideSolutionNode = FALSE
	EndGlobalSection
	GlobalSection(ExtensibilityGlobals) = postSolution
		SolutionGuid = {E16A2DC9-F4E9-4CED-B355-45E556978631}
	EndGlobalSection
EndGlobal
